
Microsoft Visual Studio Solution File, Format Version 12.00
# Visual Studio Version 17
VisualStudioVersion = 17.9.34714.143
MinimumVisualStudioVersion = 10.0.40219.1
Project("{FAE04EC0-301F-11D3-BF4B-00C04F79EFBC}") = "CodeLearningSpectaclesAPI", "CodeLearningSpectaclesAPI\CodeLearningSpectaclesAPI.csproj", "{B26A8714-BD01-4A95-8943-F161B8FA05A5}"
EndProject
Global
	GlobalSection(SolutionConfigurationPlatforms) = preSolution
		Debug|Any CPU = Debug|Any CPU
		Release|Any CPU = Release|Any CPU
	EndGlobalSection
	GlobalSection(ProjectConfigurationPlatforms) = postSolution
		{B26A8714-BD01-4A95-8943-F161B8FA05A5}.Debug|Any CPU.ActiveCfg = Debug|Any CPU
		{B26A8714-BD01-4A95-8943-F161B8FA05A5}.Debug|Any CPU.Build.0 = Debug|Any CPU
		{B26A8714-BD01-4A95-8943-F161B8FA05A5}.Release|Any CPU.ActiveCfg = Release|Any CPU
		{B26A8714-BD01-4A95-8943-F161B8FA05A5}.Release|Any CPU.Build.0 = Release|Any CPU
	EndGlobalSection
	GlobalSection(SolutionProperties) = preSolution
		HideSolutionNode = FALSE
	EndGlobalSection
	GlobalSection(ExtensibilityGlobals) = postSolution
		SolutionGuid = {B7819A76-5B9C-4EE9-A851-8168EB3DF27A}
	EndGlobalSection
EndGlobal
